
Microsoft Visual Studio Solution File, Format Version 12.00
# Visual Studio Version 16
VisualStudioVersion = 16.0.29709.97
MinimumVisualStudioVersion = 10.0.40219.1
Project("{FAE04EC0-301F-11D3-BF4B-00C04F79EFBC}") = "safety_doors", "safety_doors\safety_doors.csproj", "{B4B96413-2B97-4455-A58A-9BCEDD2A5B09}"
EndProject
Global
	GlobalSection(SolutionConfigurationPlatforms) = preSolution
		Debug|Any CPU = Debug|Any CPU
		Release|Any CPU = Release|Any CPU
	EndGlobalSection
	GlobalSection(ProjectConfigurationPlatforms) = postSolution
		{B4B96413-2B97-4455-A58A-9BCEDD2A5B09}.Debug|Any CPU.ActiveCfg = Debug|Any CPU
		{B4B96413-2B97-4455-A58A-9BCEDD2A5B09}.Debug|Any CPU.Build.0 = Debug|Any CPU
		{B4B96413-2B97-4455-A58A-9BCEDD2A5B09}.Release|Any CPU.ActiveCfg = Release|Any CPU
		{B4B96413-2B97-4455-A58A-9BCEDD2A5B09}.Release|Any CPU.Build.0 = Release|Any CPU
	EndGlobalSection
	GlobalSection(SolutionProperties) = preSolution
		HideSolutionNode = FALSE
	EndGlobalSection
	GlobalSection(ExtensibilityGlobals) = postSolution
		SolutionGuid = {05E9A7A2-B365-426B-BCD1-5A8F2983B01A}
	EndGlobalSection
EndGlobal
